
Microsoft Visual Studio Solution File, Format Version 12.00
# Visual Studio 2012
Project("{FAE04EC0-301F-11D3-BF4B-00C04F79EFBC}") = "02HelloCShacp", "02HelloCShacp\02HelloCShacp.csproj", "{9A1A304D-0464-441C-93A1-4457F4842BEF}"
EndProject
Project("{FAE04EC0-301F-11D3-BF4B-00C04F79EFBC}") = "03PrintMyFirstName", "03PrintMyName\03PrintMyFirstName.csproj", "{48679BE2-BEF4-4B4D-A8B7-C057C1DF6701}"
EndProject
Project("{FAE04EC0-301F-11D3-BF4B-00C04F79EFBC}") = "04PrintNumbers", "04PrintNumbers\04PrintNumbers.csproj", "{931A2387-FE0A-473A-9BCE-3B521200867B}"
EndProject
Project("{FAE04EC0-301F-11D3-BF4B-00C04F79EFBC}") = "06PrintMyNames", "06PrintMyNames\06PrintMyNames.csproj", "{DBC7ABA5-6134-4FCF-AEA9-065010CCD240}"
EndProject
Project("{FAE04EC0-301F-11D3-BF4B-00C04F79EFBC}") = "07DateAndTime", "07DateAndTime\07DateAndTime.csproj", "{602C5DDB-9032-442C-8CDC-BC5D74A0D3AD}"
EndProject
Project("{FAE04EC0-301F-11D3-BF4B-00C04F79EFBC}") = "08SqrtOf12345", "08SqrtOf12345\08SqrtOf12345.csproj", "{8CCA75BB-DDF2-4A84-84C0-317E3F1B7A5D}"
EndProject
Project("{FAE04EC0-301F-11D3-BF4B-00C04F79EFBC}") = "09Loop", "09Loop\09Loop.csproj", "{8118706D-CA61-4B0B-987D-E3A8E93DBE67}"
EndProject
Project("{FAE04EC0-301F-11D3-BF4B-00C04F79EFBC}") = "12MyAgeAfter10years", "12MyAgeAfter10years\12MyAgeAfter10years.csproj", "{B05DCACC-0572-4122-868A-C10AD986FA5B}"
EndProject
Global
	GlobalSection(SolutionConfigurationPlatforms) = preSolution
		Debug|Any CPU = Debug|Any CPU
		Release|Any CPU = Release|Any CPU
	EndGlobalSection
	GlobalSection(ProjectConfigurationPlatforms) = postSolution
		{9A1A304D-0464-441C-93A1-4457F4842BEF}.Debug|Any CPU.ActiveCfg = Debug|Any CPU
		{9A1A304D-0464-441C-93A1-4457F4842BEF}.Debug|Any CPU.Build.0 = Debug|Any CPU
		{9A1A304D-0464-441C-93A1-4457F4842BEF}.Release|Any CPU.ActiveCfg = Release|Any CPU
		{9A1A304D-0464-441C-93A1-4457F4842BEF}.Release|Any CPU.Build.0 = Release|Any CPU
		{48679BE2-BEF4-4B4D-A8B7-C057C1DF6701}.Debug|Any CPU.ActiveCfg = Debug|Any CPU
		{48679BE2-BEF4-4B4D-A8B7-C057C1DF6701}.Debug|Any CPU.Build.0 = Debug|Any CPU
		{48679BE2-BEF4-4B4D-A8B7-C057C1DF6701}.Release|Any CPU.ActiveCfg = Release|Any CPU
		{48679BE2-BEF4-4B4D-A8B7-C057C1DF6701}.Release|Any CPU.Build.0 = Release|Any CPU
		{931A2387-FE0A-473A-9BCE-3B521200867B}.Debug|Any CPU.ActiveCfg = Debug|Any CPU
		{931A2387-FE0A-473A-9BCE-3B521200867B}.Debug|Any CPU.Build.0 = Debug|Any CPU
		{931A2387-FE0A-473A-9BCE-3B521200867B}.Release|Any CPU.ActiveCfg = Release|Any CPU
		{931A2387-FE0A-473A-9BCE-3B521200867B}.Release|Any CPU.Build.0 = Release|Any CPU
		{DBC7ABA5-6134-4FCF-AEA9-065010CCD240}.Debug|Any CPU.ActiveCfg = Debug|Any CPU
		{DBC7ABA5-6134-4FCF-AEA9-065010CCD240}.Debug|Any CPU.Build.0 = Debug|Any CPU
		{DBC7ABA5-6134-4FCF-AEA9-065010CCD240}.Release|Any CPU.ActiveCfg = Release|Any CPU
		{DBC7ABA5-6134-4FCF-AEA9-065010CCD240}.Release|Any CPU.Build.0 = Release|Any CPU
		{602C5DDB-9032-442C-8CDC-BC5D74A0D3AD}.Debug|Any CPU.ActiveCfg = Debug|Any CPU
		{602C5DDB-9032-442C-8CDC-BC5D74A0D3AD}.Debug|Any CPU.Build.0 = Debug|Any CPU
		{602C5DDB-9032-442C-8CDC-BC5D74A0D3AD}.Release|Any CPU.ActiveCfg = Release|Any CPU
		{602C5DDB-9032-442C-8CDC-BC5D74A0D3AD}.Release|Any CPU.Build.0 = Release|Any CPU
		{8CCA75BB-DDF2-4A84-84C0-317E3F1B7A5D}.Debug|Any CPU.ActiveCfg = Debug|Any CPU
		{8CCA75BB-DDF2-4A84-84C0-317E3F1B7A5D}.Debug|Any CPU.Build.0 = Debug|Any CPU
		{8CCA75BB-DDF2-4A84-84C0-317E3F1B7A5D}.Release|Any CPU.ActiveCfg = Release|Any CPU
		{8CCA75BB-DDF2-4A84-84C0-317E3F1B7A5D}.Release|Any CPU.Build.0 = Release|Any CPU
		{8118706D-CA61-4B0B-987D-E3A8E93DBE67}.Debug|Any CPU.ActiveCfg = Debug|Any CPU
		{8118706D-CA61-4B0B-987D-E3A8E93DBE67}.Debug|Any CPU.Build.0 = Debug|Any CPU
		{8118706D-CA61-4B0B-987D-E3A8E93DBE67}.Release|Any CPU.ActiveCfg = Release|Any CPU
		{8118706D-CA61-4B0B-987D-E3A8E93DBE67}.Release|Any CPU.Build.0 = Release|Any CPU
		{B05DCACC-0572-4122-868A-C10AD986FA5B}.Debug|Any CPU.ActiveCfg = Debug|Any CPU
		{B05DCACC-0572-4122-868A-C10AD986FA5B}.Debug|Any CPU.Build.0 = Debug|Any CPU
		{B05DCACC-0572-4122-868A-C10AD986FA5B}.Release|Any CPU.ActiveCfg = Release|Any CPU
		{B05DCACC-0572-4122-868A-C10AD986FA5B}.Release|Any CPU.Build.0 = Release|Any CPU
	EndGlobalSection
	GlobalSection(SolutionProperties) = preSolution
		HideSolutionNode = FALSE
	EndGlobalSection
EndGlobal
